
Microsoft Visual Studio Solution File, Format Version 12.00
# Visual Studio 2012
Project("{FAE04EC0-301F-11D3-BF4B-00C04F79EFBC}") = "OdataServicesApp", "OdataServicesApp\OdataServicesApp.csproj", "{CDE27A73-1607-4B64-BA64-60356E2151F1}"
EndProject
Global
	GlobalSection(SolutionConfigurationPlatforms) = preSolution
		Debug|Any CPU = Debug|Any CPU
		Release|Any CPU = Release|Any CPU
	EndGlobalSection
	GlobalSection(ProjectConfigurationPlatforms) = postSolution
		{CDE27A73-1607-4B64-BA64-60356E2151F1}.Debug|Any CPU.ActiveCfg = Debug|Any CPU
		{CDE27A73-1607-4B64-BA64-60356E2151F1}.Debug|Any CPU.Build.0 = Debug|Any CPU
		{CDE27A73-1607-4B64-BA64-60356E2151F1}.Release|Any CPU.ActiveCfg = Release|Any CPU
		{CDE27A73-1607-4B64-BA64-60356E2151F1}.Release|Any CPU.Build.0 = Release|Any CPU
	EndGlobalSection
	GlobalSection(SolutionProperties) = preSolution
		HideSolutionNode = FALSE
	EndGlobalSection
EndGlobal
